// !$*UTF8*$!
{
	archiveVersion = 1;
	classes = {
	};
	objectVersion = 46;
	objects = {

/* Begin PBXBuildFile section */
		C0EDF88B1D79CE3F00E4F939 /* AppDelegate.swift in Sources */ = {isa = PBXBuildFile; fileRef = C0EDF88A1D79CE3F00E4F939 /* AppDelegate.swift */; };
		C0EDF88D1D79CE3F00E4F939 /* ViewController.swift in Sources */ = {isa = PBXBuildFile; fileRef = C0EDF88C1D79CE3F00E4F939 /* ViewController.swift */; };
		C0EDF8901D79CE3F00E4F939 /* Main.storyboard in Resources */ = {isa = PBXBuildFile; fileRef = C0EDF88E1D79CE3F00E4F939 /* Main.storyboard */; };
		C0EDF8921D79CE3F00E4F939 /* Assets.xcassets in Resources */ = {isa = PBXBuildFile; fileRef = C0EDF8911D79CE3F00E4F939 /* Assets.xcassets */; };
		C0EDF8951D79CE3F00E4F939 /* LaunchScreen.storyboard in Resources */ = {isa = PBXBuildFile; fileRef = C0EDF8931D79CE3F00E4F939 /* LaunchScreen.storyboard */; };
		C0EDF89D1D79CE6600E4F939 /* PDropDownMenuView.swift in Sources */ = {isa = PBXBuildFile; fileRef = C0EDF89C1D79CE6600E4F939 /* PDropDownMenuView.swift */; };
		C0EDF89F1D79D53700E4F939 /* PTitleMenuViewController.swift in Sources */ = {isa = PBXBuildFile; fileRef = C0EDF89E1D79D53700E4F939 /* PTitleMenuViewController.swift */; };
		C0EDF8A11D79D70600E4F939 /* CBTitleViewModel.swift in Sources */ = {isa = PBXBuildFile; fileRef = C0EDF8A01D79D70600E4F939 /* CBTitleViewModel.swift */; };
/* End PBXBuildFile section */

/* Begin PBXFileReference section */
		C0EDF8871D79CE3F00E4F939 /* PTapTitleTable.app */ = {isa = PBXFileReference; explicitFileType = wrapper.application; includeInIndex = 0; path = PTapTitleTable.app; sourceTree = BUILT_PRODUCTS_DIR; };
		C0EDF88A1D79CE3F00E4F939 /* AppDelegate.swift */ = {isa = PBXFileReference; lastKnownFileType = sourcecode.swift; path = AppDelegate.swift; sourceTree = "<group>"; };
		C0EDF88C1D79CE3F00E4F939 /* ViewController.swift */ = {isa = PBXFileReference; lastKnownFileType = sourcecode.swift; path = ViewController.swift; sourceTree = "<group>"; };
		C0EDF88F1D79CE3F00E4F939 /* Base */ = {isa = PBXFileReference; lastKnownFileType = file.storyboard; name = Base; path = Base.lproj/Main.storyboard; sourceTree = "<group>"; };
		C0EDF8911D79CE3F00E4F939 /* Assets.xcassets */ = {isa = PBXFileReference; lastKnownFileType = folder.assetcatalog; path = Assets.xcassets; sourceTree = "<group>"; };
		C0EDF8941D79CE3F00E4F939 /* Base */ = {isa = PBXFileReference; lastKnownFileType = file.storyboard; name = Base; path = Base.lproj/LaunchScreen.storyboard; sourceTree = "<group>"; };
		C0EDF8961D79CE3F00E4F939 /* Info.plist */ = {isa = PBXFileReference; lastKnownFileType = text.plist.xml; path = Info.plist; sourceTree = "<group>"; };
		C0EDF89C1D79CE6600E4F939 /* PDropDownMenuView.swift */ = {isa = PBXFileReference; fileEncoding = 4; lastKnownFileType = sourcecode.swift; path = PDropDownMenuView.swift; sourceTree = "<group>"; };
		C0EDF89E1D79D53700E4F939 /* PTitleMenuViewController.swift */ = {isa = PBXFileReference; fileEncoding = 4; lastKnownFileType = sourcecode.swift; path = PTitleMenuViewController.swift; sourceTree = "<group>"; };
		C0EDF8A01D79D70600E4F939 /* CBTitleViewModel.swift */ = {isa = PBXFileReference; fileEncoding = 4; lastKnownFileType = sourcecode.swift; path = CBTitleViewModel.swift; sourceTree = "<group>"; };
/* End PBXFileReference section */

/* Begin PBXFrameworksBuildPhase section */
		C0EDF8841D79CE3F00E4F939 /* Frameworks */ = {
			isa = PBXFrameworksBuildPhase;
			buildActionMask = 2147483647;
			files = (
			);
			runOnlyForDeploymentPostprocessing = 0;
		};
/* End PBXFrameworksBuildPhase section */

/* Begin PBXGroup section */
		C0EDF87E1D79CE3F00E4F939 = {
			isa = PBXGroup;
			children = (
				C0EDF8891D79CE3F00E4F939 /* PTapTitleTable */,
				C0EDF8881D79CE3F00E4F939 /* Products */,
			);
			sourceTree = "<group>";
		};
		C0EDF8881D79CE3F00E4F939 /* Products */ = {
			isa = PBXGroup;
			children = (
				C0EDF8871D79CE3F00E4F939 /* PTapTitleTable.app */,
			);
			name = Products;
			sourceTree = "<group>";
		};
		C0EDF8891D79CE3F00E4F939 /* PTapTitleTable */ = {
			isa = PBXGroup;
			children = (
				C0EDF88A1D79CE3F00E4F939 /* AppDelegate.swift */,
				C0EDF88C1D79CE3F00E4F939 /* ViewController.swift */,
				C0EDF88E1D79CE3F00E4F939 /* Main.storyboard */,
				C0EDF8911D79CE3F00E4F939 /* Assets.xcassets */,
				C0EDF8931D79CE3F00E4F939 /* LaunchScreen.storyboard */,
				C0EDF8961D79CE3F00E4F939 /* Info.plist */,
				C0EDF89C1D79CE6600E4F939 /* PDropDownMenuView.swift */,
				C0EDF89E1D79D53700E4F939 /* PTitleMenuViewController.swift */,
				C0EDF8A01D79D70600E4F939 /* CBTitleViewModel.swift */,
			);
			path = PTapTitleTable;
			sourceTree = "<group>";
		};
/* End PBXGroup section */

/* Begin PBXNativeTarget section */
		C0EDF8861D79CE3F00E4F939 /* PTapTitleTable */ = {
			isa = PBXNativeTarget;
			buildConfigurationList = C0EDF8991D79CE3F00E4F939 /* Build configuration list for PBXNativeTarget "PTapTitleTable" */;
			buildPhases = (
				C0EDF8831D79CE3F00E4F939 /* Sources */,
				C0EDF8841D79CE3F00E4F939 /* Frameworks */,
				C0EDF8851D79CE3F00E4F939 /* Resources */,
			);
			buildRules = (
			);
			dependencies = (
			);
			name = PTapTitleTable;
			productName = PTapTitleTable;
			productReference = C0EDF8871D79CE3F00E4F939 /* PTapTitleTable.app */;
			productType = "com.apple.product-type.application";
		};
/* End PBXNativeTarget section */

/* Begin PBXProject section */
		C0EDF87F1D79CE3F00E4F939 /* Project object */ = {
			isa = PBXProject;
			attributes = {
				LastSwiftUpdateCheck = 0730;
				LastUpgradeCheck = 0730;
				ORGANIZATIONNAME = "邓杰豪";
				TargetAttributes = {
					C0EDF8861D79CE3F00E4F939 = {
						CreatedOnToolsVersion = 7.3.1;
						DevelopmentTeam = 4J78PPRJ42;
						LastSwiftMigration = 0800;
					};
				};
			};
			buildConfigurationList = C0EDF8821D79CE3F00E4F939 /* Build configuration list for PBXProject "PTapTitleTable" */;
			compatibilityVersion = "Xcode 3.2";
			developmentRegion = English;
			hasScannedForEncodings = 0;
			knownRegions = (
				en,
				Base,
			);
			mainGroup = C0EDF87E1D79CE3F00E4F939;
			productRefGroup = C0EDF8881D79CE3F00E4F939 /* Products */;
			projectDirPath = "";
			projectRoot = "";
			targets = (
				C0EDF8861D79CE3F00E4F939 /* PTapTitleTable */,
			);
		};
/* End PBXProject section */

/* Begin PBXResourcesBuildPhase section */
		C0EDF8851D79CE3F00E4F939 /* Resources */ = {
			isa = PBXResourcesBuildPhase;
			buildActionMask = 2147483647;
			files = (
				C0EDF8951D79CE3F00E4F939 /* LaunchScreen.storyboard in Resources */,
				C0EDF8921D79CE3F00E4F939 /* Assets.xcassets in Resources */,
				C0EDF8901D79CE3F00E4F939 /* Main.storyboard in Resources */,
			);
			runOnlyForDeploymentPostprocessing = 0;
		};
/* End PBXResourcesBuildPhase section */

/* Begin PBXSourcesBuildPhase section */
		C0EDF8831D79CE3F00E4F939 /* Sources */ = {
			isa = PBXSourcesBuildPhase;
			buildActionMask = 2147483647;
			files = (
				C0EDF8A11D79D70600E4F939 /* CBTitleViewModel.swift in Sources */,
				C0EDF89D1D79CE6600E4F939 /* PDropDownMenuView.swift in Sources */,
				C0EDF88D1D79CE3F00E4F939 /* ViewController.swift in Sources */,
				C0EDF88B1D79CE3F00E4F939 /* AppDelegate.swift in Sources */,
				C0EDF89F1D79D53700E4F939 /* PTitleMenuViewController.swift in Sources */,
			);
			runOnlyForDeploymentPostprocessing = 0;
		};
/* End PBXSourcesBuildPhase section */

/* Begin PBXVariantGroup section */
		C0EDF88E1D79CE3F00E4F939 /* Main.storyboard */ = {
			isa = PBXVariantGroup;
			children = (
				C0EDF88F1D79CE3F00E4F939 /* Base */,
			);
			name = Main.storyboard;
			sourceTree = "<group>";
		};
		C0EDF8931D79CE3F00E4F939 /* LaunchScreen.storyboard */ = {
			isa = PBXVariantGroup;
			children = (
				C0EDF8941D79CE3F00E4F939 /* Base */,
			);
			name = LaunchScreen.storyboard;
			sourceTree = "<group>";
		};
/* End PBXVariantGroup section */

/* Begin XCBuildConfiguration section */
		C0EDF8971D79CE3F00E4F939 /* Debug */ = {
			isa = XCBuildConfiguration;
			buildSettings = {
				ALWAYS_SEARCH_USER_PATHS = NO;
				CLANG_ANALYZER_NONNULL = YES;
				CLANG_CXX_LANGUAGE_STANDARD = "gnu++0x";
				CLANG_CXX_LIBRARY = "libc++";
				CLANG_ENABLE_MODULES = YES;
				CLANG_ENABLE_OBJC_ARC = YES;
				CLANG_WARN_BOOL_CONVERSION = YES;
				CLANG_WARN_CONSTANT_CONVERSION = YES;
				CLANG_WARN_DIRECT_OBJC_ISA_USAGE = YES_ERROR;
				CLANG_WARN_EMPTY_BODY = YES;
				CLANG_WARN_ENUM_CONVERSION = YES;
				CLANG_WARN_INT_CONVERSION = YES;
				CLANG_WARN_OBJC_ROOT_CLASS = YES_ERROR;
				CLANG_WARN_UNREACHABLE_CODE = YES;
				CLANG_WARN__DUPLICATE_METHOD_MATCH = YES;
				"CODE_SIGN_IDENTITY[sdk=iphoneos*]" = "iPhone Developer";
				COPY_PHASE_STRIP = NO;
				DEBUG_INFORMATION_FORMAT = dwarf;
				ENABLE_STRICT_OBJC_MSGSEND = YES;
				ENABLE_TESTABILITY = YES;
				GCC_C_LANGUAGE_STANDARD = gnu99;
				GCC_DYNAMIC_NO_PIC = NO;
				GCC_NO_COMMON_BLOCKS = YES;
				GCC_OPTIMIZATION_LEVEL = 0;
				GCC_PREPROCESSOR_DEFINITIONS = (
					"DEBUG=1",
					"$(inherited)",
				);
				GCC_WARN_64_TO_32_BIT_CONVERSION = YES;
				GCC_WARN_ABOUT_RETURN_TYPE = YES_ERROR;
				GCC_WARN_UNDECLARED_SELECTOR = YES;
				GCC_WARN_UNINITIALIZED_AUTOS = YES_AGGRESSIVE;
				GCC_WARN_UNUSED_FUNCTION = YES;
				GCC_WARN_UNUSED_VARIABLE = YES;
				IPHONEOS_DEPLOYMENT_TARGET = 9.3;
				MTL_ENABLE_DEBUG_INFO = YES;
				ONLY_ACTIVE_ARCH = YES;
				SDKROOT = iphoneos;
				SWIFT_OPTIMIZATION_LEVEL = "-Onone";
				TARGETED_DEVICE_FAMILY = "1,2";
			};
			name = Debug;
		};
		C0EDF8981D79CE3F00E4F939 /* Release */ = {
			isa = XCBuildConfiguration;
			buildSettings = {
				ALWAYS_SEARCH_USER_PATHS = NO;
				CLANG_ANALYZER_NONNULL = YES;
				CLANG_CXX_LANGUAGE_STANDARD = "gnu++0x";
				CLANG_CXX_LIBRARY = "libc++";
				CLANG_ENABLE_MODULES = YES;
				CLANG_ENABLE_OBJC_ARC = YES;
				CLANG_WARN_BOOL_CONVERSION = YES;
				CLANG_WARN_CONSTANT_CONVERSION = YES;
				CLANG_WARN_DIRECT_OBJC_ISA_USAGE = YES_ERROR;
				CLANG_WARN_EMPTY_BODY = YES;
				CLANG_WARN_ENUM_CONVERSION = YES;
				CLANG_WARN_INT_CONVERSION = YES;
				CLANG_WARN_OBJC_ROOT_CLASS = YES_ERROR;
				CLANG_WARN_UNREACHABLE_CODE = YES;
				CLANG_WARN__DUPLICATE_METHOD_MATCH = YES;
				"CODE_SIGN_IDENTITY[sdk=iphoneos*]" = "iPhone Developer";
				COPY_PHASE_STRIP = NO;
				DEBUG_INFORMATION_FORMAT = "dwarf-with-dsym";
				ENABLE_NS_ASSERTIONS = NO;
				ENABLE_STRICT_OBJC_MSGSEND = YES;
				GCC_C_LANGUAGE_STANDARD = gnu99;
				GCC_NO_COMMON_BLOCKS = YES;
				GCC_WARN_64_TO_32_BIT_CONVERSION = YES;
				GCC_WARN_ABOUT_RETURN_TYPE = YES_ERROR;
				GCC_WARN_UNDECLARED_SELECTOR = YES;
				GCC_WARN_UNINITIALIZED_AUTOS = YES_AGGRESSIVE;
				GCC_WARN_UNUSED_FUNCTION = YES;
				GCC_WARN_UNUSED_VARIABLE = YES;
				IPHONEOS_DEPLOYMENT_TARGET = 9.3;
				MTL_ENABLE_DEBUG_INFO = NO;
				SDKROOT = iphoneos;
				TARGETED_DEVICE_FAMILY = "1,2";
				VALIDATE_PRODUCT = YES;
			};
			name = Release;
		};
		C0EDF89A1D79CE3F00E4F939 /* Debug */ = {
			isa = XCBuildConfiguration;
			buildSettings = {
				ASSETCATALOG_COMPILER_APPICON_NAME = AppIcon;
				DEVELOPMENT_TEAM = 4J78PPRJ42;
				INFOPLIST_FILE = PTapTitleTable/Info.plist;
				LD_RUNPATH_SEARCH_PATHS = "$(inherited) @executable_path/Frameworks";
				PRODUCT_BUNDLE_IDENTIFIER = com.omcn.PTapTitleTable;
				PRODUCT_NAME = "$(TARGET_NAME)";
				SWIFT_VERSION = 2.3;
			};
			name = Debug;
		};
		C0EDF89B1D79CE3F00E4F939 /* Release */ = {
			isa = XCBuildConfiguration;
			buildSettings = {
				ASSETCATALOG_COMPILER_APPICON_NAME = AppIcon;
				DEVELOPMENT_TEAM = 4J78PPRJ42;
				INFOPLIST_FILE = PTapTitleTable/Info.plist;
				LD_RUNPATH_SEARCH_PATHS = "$(inherited) @executable_path/Frameworks";
				PRODUCT_BUNDLE_IDENTIFIER = com.omcn.PTapTitleTable;
				PRODUCT_NAME = "$(TARGET_NAME)";
				SWIFT_VERSION = 2.3;
			};
			name = Release;
		};
/* End XCBuildConfiguration section */

/* Begin XCConfigurationList section */
		C0EDF8821D79CE3F00E4F939 /* Build configuration list for PBXProject "PTapTitleTable" */ = {
			isa = XCConfigurationList;
			buildConfigurations = (
				C0EDF8971D79CE3F00E4F939 /* Debug */,
				C0EDF8981D79CE3F00E4F939 /* Release */,
			);
			defaultConfigurationIsVisible = 0;
			defaultConfigurationName = Release;
		};
		C0EDF8991D79CE3F00E4F939 /* Build configuration list for PBXNativeTarget "PTapTitleTable" */ = {
			isa = XCConfigurationList;
			buildConfigurations = (
				C0EDF89A1D79CE3F00E4F939 /* Debug */,
				C0EDF89B1D79CE3F00E4F939 /* Release */,
			);
			defaultConfigurationIsVisible = 0;
			defaultConfigurationName = Release;
		};
/* End XCConfigurationList section */
	};
	rootObject = C0EDF87F1D79CE3F00E4F939 /* Project object */;
}
